
Microsoft Visual Studio Solution File, Format Version 12.00
# Visual Studio Version 16
VisualStudioVersion = 25.0.1700.7
MinimumVisualStudioVersion = 10.0.40219.1
Project("{FAE04EC0-301F-11D3-BF4B-00C04F79EFBC}") = "BankEncapsulation", "BankEncapsulation\BankEncapsulation.csproj", "{92AF1C8F-7D12-4BE6-B689-6161D3D31632}"
EndProject
Global
	GlobalSection(SolutionConfigurationPlatforms) = preSolution
		Debug|Any CPU = Debug|Any CPU
		Release|Any CPU = Release|Any CPU
	EndGlobalSection
	GlobalSection(ProjectConfigurationPlatforms) = postSolution
		{92AF1C8F-7D12-4BE6-B689-6161D3D31632}.Debug|Any CPU.ActiveCfg = Debug|Any CPU
		{92AF1C8F-7D12-4BE6-B689-6161D3D31632}.Debug|Any CPU.Build.0 = Debug|Any CPU
		{92AF1C8F-7D12-4BE6-B689-6161D3D31632}.Release|Any CPU.ActiveCfg = Release|Any CPU
		{92AF1C8F-7D12-4BE6-B689-6161D3D31632}.Release|Any CPU.Build.0 = Release|Any CPU
	EndGlobalSection
	GlobalSection(SolutionProperties) = preSolution
		HideSolutionNode = FALSE
	EndGlobalSection
	GlobalSection(ExtensibilityGlobals) = postSolution
		SolutionGuid = {2EBF19BA-AE42-46B1-8E43-06843F571734}
	EndGlobalSection
EndGlobal
